
Microsoft Visual Studio Solution File, Format Version 12.00
# Visual Studio Version 16
VisualStudioVersion = 16.0.30114.105
MinimumVisualStudioVersion = 10.0.40219.1
Project("{FAE04EC0-301F-11D3-BF4B-00C04F79EFBC}") = "Catalog.API", "Services\Catalog\Catalog.API\Catalog.API.csproj", "{320C228C-BF93-4436-BFEC-A804C2F221B0}"
EndProject
Project("{2150E333-8FDC-42A3-9474-1A3956D46DE8}") = "Services", "Services", "{EE7906D9-EE74-4274-9AB2-F593DC010823}"
EndProject
Project("{2150E333-8FDC-42A3-9474-1A3956D46DE8}") = "Catalog", "Catalog", "{BAAF2E36-AC73-45D2-82F7-58E8ED816604}"
EndProject
Project("{FAE04EC0-301F-11D3-BF4B-00C04F79EFBC}") = "Catalog.Tests", "Services\Catalog\Catalog.Tests\Catalog.Tests.csproj", "{A0EC1883-807A-404C-B302-D3CA5C5731B2}"
EndProject
Project("{FAE04EC0-301F-11D3-BF4B-00C04F79EFBC}") = "Catalog.Persistence", "Services\Catalog\Catalog.Persistence\Catalog.Persistence.csproj", "{D27EDE00-544E-4FDE-8400-0601B590938D}"
EndProject
Project("{FAE04EC0-301F-11D3-BF4B-00C04F79EFBC}") = "Catalog.Domain", "Services\Catalog\Catalog.Domain\Catalog.Domain.csproj", "{268988E4-F1A6-4BFD-99B3-E062A3A500AA}"
EndProject
Project("{FAE04EC0-301F-11D3-BF4B-00C04F79EFBC}") = "Catalog.BusinessLogic", "Services\Catalog\Catalog.BusinessLogic\Catalog.BusinessLogic.csproj", "{3F965B0F-445B-43F8-8D6B-23C4EBB743EF}"
EndProject
Project("{FAE04EC0-301F-11D3-BF4B-00C04F79EFBC}") = "Catalog.Application", "Services\Catalog\Catalog.Application\Catalog.Application.csproj", "{970D9BB9-3C38-4A0B-B25C-2A72FF378D74}"
EndProject
Global
	GlobalSection(SolutionConfigurationPlatforms) = preSolution
		Debug|Any CPU = Debug|Any CPU
		Release|Any CPU = Release|Any CPU
	EndGlobalSection
	GlobalSection(SolutionProperties) = preSolution
		HideSolutionNode = FALSE
	EndGlobalSection
	GlobalSection(ProjectConfigurationPlatforms) = postSolution
		{320C228C-BF93-4436-BFEC-A804C2F221B0}.Debug|Any CPU.ActiveCfg = Debug|Any CPU
		{320C228C-BF93-4436-BFEC-A804C2F221B0}.Debug|Any CPU.Build.0 = Debug|Any CPU
		{320C228C-BF93-4436-BFEC-A804C2F221B0}.Release|Any CPU.ActiveCfg = Release|Any CPU
		{320C228C-BF93-4436-BFEC-A804C2F221B0}.Release|Any CPU.Build.0 = Release|Any CPU
		{A0EC1883-807A-404C-B302-D3CA5C5731B2}.Debug|Any CPU.ActiveCfg = Debug|Any CPU
		{A0EC1883-807A-404C-B302-D3CA5C5731B2}.Debug|Any CPU.Build.0 = Debug|Any CPU
		{A0EC1883-807A-404C-B302-D3CA5C5731B2}.Release|Any CPU.ActiveCfg = Release|Any CPU
		{A0EC1883-807A-404C-B302-D3CA5C5731B2}.Release|Any CPU.Build.0 = Release|Any CPU
		{D27EDE00-544E-4FDE-8400-0601B590938D}.Debug|Any CPU.ActiveCfg = Debug|Any CPU
		{D27EDE00-544E-4FDE-8400-0601B590938D}.Debug|Any CPU.Build.0 = Debug|Any CPU
		{D27EDE00-544E-4FDE-8400-0601B590938D}.Release|Any CPU.ActiveCfg = Release|Any CPU
		{D27EDE00-544E-4FDE-8400-0601B590938D}.Release|Any CPU.Build.0 = Release|Any CPU
		{268988E4-F1A6-4BFD-99B3-E062A3A500AA}.Debug|Any CPU.ActiveCfg = Debug|Any CPU
		{268988E4-F1A6-4BFD-99B3-E062A3A500AA}.Debug|Any CPU.Build.0 = Debug|Any CPU
		{268988E4-F1A6-4BFD-99B3-E062A3A500AA}.Release|Any CPU.ActiveCfg = Release|Any CPU
		{268988E4-F1A6-4BFD-99B3-E062A3A500AA}.Release|Any CPU.Build.0 = Release|Any CPU
		{3F965B0F-445B-43F8-8D6B-23C4EBB743EF}.Debug|Any CPU.ActiveCfg = Debug|Any CPU
		{3F965B0F-445B-43F8-8D6B-23C4EBB743EF}.Debug|Any CPU.Build.0 = Debug|Any CPU
		{3F965B0F-445B-43F8-8D6B-23C4EBB743EF}.Release|Any CPU.ActiveCfg = Release|Any CPU
		{3F965B0F-445B-43F8-8D6B-23C4EBB743EF}.Release|Any CPU.Build.0 = Release|Any CPU
		{970D9BB9-3C38-4A0B-B25C-2A72FF378D74}.Debug|Any CPU.ActiveCfg = Debug|Any CPU
		{970D9BB9-3C38-4A0B-B25C-2A72FF378D74}.Debug|Any CPU.Build.0 = Debug|Any CPU
		{970D9BB9-3C38-4A0B-B25C-2A72FF378D74}.Release|Any CPU.ActiveCfg = Release|Any CPU
		{970D9BB9-3C38-4A0B-B25C-2A72FF378D74}.Release|Any CPU.Build.0 = Release|Any CPU
	EndGlobalSection
	GlobalSection(NestedProjects) = preSolution
		{BAAF2E36-AC73-45D2-82F7-58E8ED816604} = {EE7906D9-EE74-4274-9AB2-F593DC010823}
		{320C228C-BF93-4436-BFEC-A804C2F221B0} = {BAAF2E36-AC73-45D2-82F7-58E8ED816604}
		{A0EC1883-807A-404C-B302-D3CA5C5731B2} = {BAAF2E36-AC73-45D2-82F7-58E8ED816604}
		{D27EDE00-544E-4FDE-8400-0601B590938D} = {BAAF2E36-AC73-45D2-82F7-58E8ED816604}
		{268988E4-F1A6-4BFD-99B3-E062A3A500AA} = {BAAF2E36-AC73-45D2-82F7-58E8ED816604}
		{3F965B0F-445B-43F8-8D6B-23C4EBB743EF} = {BAAF2E36-AC73-45D2-82F7-58E8ED816604}
		{970D9BB9-3C38-4A0B-B25C-2A72FF378D74} = {BAAF2E36-AC73-45D2-82F7-58E8ED816604}
	EndGlobalSection
EndGlobal
